
Microsoft Visual Studio Solution File, Format Version 12.00
# Visual Studio Version 18
VisualStudioVersion = 18.6.11819.183 stable
MinimumVisualStudioVersion = 10.0.40219.1
Project("{2150E333-8FDC-42A3-9474-1A3956D46DE8}") = "src", "src", "{827E0CD3-B72D-47B6-A68D-7590B98EB39B}"
EndProject
Project("{FAE04EC0-301F-11D3-BF4B-00C04F79EFBC}") = "Nagi.WinUI", "src\Nagi.WinUI\Nagi.WinUI.csproj", "{95663AE6-4ABF-4868-BC10-AE6C5FBEDB20}"
EndProject
Project("{2150E333-8FDC-42A3-9474-1A3956D46DE8}") = "Solution Items", "Solution Items", "{8EC462FD-D22E-90A8-E5CE-7E832BA40C5D}"
	ProjectSection(SolutionItems) = preProject
		Directory.Build.props = Directory.Build.props
	EndProjectSection
EndProject
Project("{2150E333-8FDC-42A3-9474-1A3956D46DE8}") = "api", "api", "{D82C56D6-B2CD-F611-9E31-04638F7EC30E}"
EndProject
Project("{FAE04EC0-301F-11D3-BF4B-00C04F79EFBC}") = "Nagi.Core", "src\Nagi.Core\Nagi.Core.csproj", "{343CF11C-0171-4ED3-BB38-5EBB191AE243}"
EndProject
Project("{FAE04EC0-301F-11D3-BF4B-00C04F79EFBC}") = "NagiAppFunctions", "api\NagiAppFunctions\NagiAppFunctions.csproj", "{D861F5B5-C3A4-412A-B74E-A2CFB6A9BC2D}"
EndProject
Project("{FAE04EC0-301F-11D3-BF4B-00C04F79EFBC}") = "Nagi.Core.Tests", "tests\Nagi.Core.Tests\Nagi.Core.Tests.csproj", "{3DB2977C-117F-4F85-8480-5739C951EBB5}"
EndProject
Project("{2150E333-8FDC-42A3-9474-1A3956D46DE8}") = "tests", "tests", "{02EA681E-C7D8-13C7-8484-4AC65E1B71E8}"
EndProject
Global
	GlobalSection(SolutionConfigurationPlatforms) = preSolution
		Debug|Any CPU = Debug|Any CPU
		Debug|ARM64 = Debug|ARM64
		Debug|x64 = Debug|x64
		DebugUnpackaged|Any CPU = DebugUnpackaged|Any CPU
		DebugUnpackaged|ARM64 = DebugUnpackaged|ARM64
		DebugUnpackaged|x64 = DebugUnpackaged|x64
		Release|Any CPU = Release|Any CPU
		Release|ARM64 = Release|ARM64
		Release|x64 = Release|x64
		ReleaseUnpackaged|Any CPU = ReleaseUnpackaged|Any CPU
		ReleaseUnpackaged|ARM64 = ReleaseUnpackaged|ARM64
		ReleaseUnpackaged|x64 = ReleaseUnpackaged|x64
	EndGlobalSection
	GlobalSection(ProjectConfigurationPlatforms) = postSolution
		{95663AE6-4ABF-4868-BC10-AE6C5FBEDB20}.Debug|Any CPU.ActiveCfg = Debug|x64
		{95663AE6-4ABF-4868-BC10-AE6C5FBEDB20}.Debug|Any CPU.Build.0 = Debug|x64
		{95663AE6-4ABF-4868-BC10-AE6C5FBEDB20}.Debug|Any CPU.Deploy.0 = Debug|x64
		{95663AE6-4ABF-4868-BC10-AE6C5FBEDB20}.Debug|ARM64.ActiveCfg = Debug|ARM64
		{95663AE6-4ABF-4868-BC10-AE6C5FBEDB20}.Debug|ARM64.Build.0 = Debug|ARM64
		{95663AE6-4ABF-4868-BC10-AE6C5FBEDB20}.Debug|ARM64.Deploy.0 = Debug|ARM64
		{95663AE6-4ABF-4868-BC10-AE6C5FBEDB20}.Debug|x64.ActiveCfg = Debug|x64
		{95663AE6-4ABF-4868-BC10-AE6C5FBEDB20}.Debug|x64.Build.0 = Debug|x64
		{95663AE6-4ABF-4868-BC10-AE6C5FBEDB20}.Debug|x64.Deploy.0 = Debug|x64
		{95663AE6-4ABF-4868-BC10-AE6C5FBEDB20}.DebugUnpackaged|Any CPU.ActiveCfg = DebugUnpackaged|x64
		{95663AE6-4ABF-4868-BC10-AE6C5FBEDB20}.DebugUnpackaged|Any CPU.Build.0 = DebugUnpackaged|x64
		{95663AE6-4ABF-4868-BC10-AE6C5FBEDB20}.DebugUnpackaged|Any CPU.Deploy.0 = DebugUnpackaged|x64
		{95663AE6-4ABF-4868-BC10-AE6C5FBEDB20}.DebugUnpackaged|ARM64.ActiveCfg = DebugUnpackaged|ARM64
		{95663AE6-4ABF-4868-BC10-AE6C5FBEDB20}.DebugUnpackaged|ARM64.Build.0 = DebugUnpackaged|ARM64
		{95663AE6-4ABF-4868-BC10-AE6C5FBEDB20}.DebugUnpackaged|ARM64.Deploy.0 = DebugUnpackaged|ARM64
		{95663AE6-4ABF-4868-BC10-AE6C5FBEDB20}.DebugUnpackaged|x64.ActiveCfg = DebugUnpackaged|x64
		{95663AE6-4ABF-4868-BC10-AE6C5FBEDB20}.DebugUnpackaged|x64.Build.0 = DebugUnpackaged|x64
		{95663AE6-4ABF-4868-BC10-AE6C5FBEDB20}.DebugUnpackaged|x64.Deploy.0 = DebugUnpackaged|x64
		{95663AE6-4ABF-4868-BC10-AE6C5FBEDB20}.Release|Any CPU.ActiveCfg = Release|x64
		{95663AE6-4ABF-4868-BC10-AE6C5FBEDB20}.Release|Any CPU.Build.0 = Release|x64
		{95663AE6-4ABF-4868-BC10-AE6C5FBEDB20}.Release|Any CPU.Deploy.0 = Release|x64
		{95663AE6-4ABF-4868-BC10-AE6C5FBEDB20}.Release|ARM64.ActiveCfg = Release|ARM64
		{95663AE6-4ABF-4868-BC10-AE6C5FBEDB20}.Release|ARM64.Build.0 = Release|ARM64
		{95663AE6-4ABF-4868-BC10-AE6C5FBEDB20}.Release|ARM64.Deploy.0 = Release|ARM64
		{95663AE6-4ABF-4868-BC10-AE6C5FBEDB20}.Release|x64.ActiveCfg = Release|x64
		{95663AE6-4ABF-4868-BC10-AE6C5FBEDB20}.Release|x64.Build.0 = Release|x64
		{95663AE6-4ABF-4868-BC10-AE6C5FBEDB20}.Release|x64.Deploy.0 = Release|x64
		{95663AE6-4ABF-4868-BC10-AE6C5FBEDB20}.ReleaseUnpackaged|Any CPU.ActiveCfg = ReleaseUnpackaged|x64
		{95663AE6-4ABF-4868-BC10-AE6C5FBEDB20}.ReleaseUnpackaged|Any CPU.Build.0 = ReleaseUnpackaged|x64
		{95663AE6-4ABF-4868-BC10-AE6C5FBEDB20}.ReleaseUnpackaged|Any CPU.Deploy.0 = ReleaseUnpackaged|x64
		{95663AE6-4ABF-4868-BC10-AE6C5FBEDB20}.ReleaseUnpackaged|ARM64.ActiveCfg = ReleaseUnpackaged|ARM64
		{95663AE6-4ABF-4868-BC10-AE6C5FBEDB20}.ReleaseUnpackaged|ARM64.Build.0 = ReleaseUnpackaged|ARM64
		{95663AE6-4ABF-4868-BC10-AE6C5FBEDB20}.ReleaseUnpackaged|ARM64.Deploy.0 = ReleaseUnpackaged|ARM64
		{95663AE6-4ABF-4868-BC10-AE6C5FBEDB20}.ReleaseUnpackaged|x64.ActiveCfg = ReleaseUnpackaged|x64
		{95663AE6-4ABF-4868-BC10-AE6C5FBEDB20}.ReleaseUnpackaged|x64.Build.0 = ReleaseUnpackaged|x64
		{95663AE6-4ABF-4868-BC10-AE6C5FBEDB20}.ReleaseUnpackaged|x64.Deploy.0 = ReleaseUnpackaged|x64
		{343CF11C-0171-4ED3-BB38-5EBB191AE243}.Debug|Any CPU.ActiveCfg = Debug|Any CPU
		{343CF11C-0171-4ED3-BB38-5EBB191AE243}.Debug|Any CPU.Build.0 = Debug|Any CPU
		{343CF11C-0171-4ED3-BB38-5EBB191AE243}.Debug|ARM64.ActiveCfg = Debug|Any CPU
		{343CF11C-0171-4ED3-BB38-5EBB191AE243}.Debug|ARM64.Build.0 = Debug|Any CPU
		{343CF11C-0171-4ED3-BB38-5EBB191AE243}.Debug|x64.ActiveCfg = Debug|Any CPU
		{343CF11C-0171-4ED3-BB38-5EBB191AE243}.Debug|x64.Build.0 = Debug|Any CPU
		{343CF11C-0171-4ED3-BB38-5EBB191AE243}.DebugUnpackaged|Any CPU.ActiveCfg = Debug|Any CPU
		{343CF11C-0171-4ED3-BB38-5EBB191AE243}.DebugUnpackaged|Any CPU.Build.0 = Debug|Any CPU
		{343CF11C-0171-4ED3-BB38-5EBB191AE243}.DebugUnpackaged|ARM64.ActiveCfg = Debug|Any CPU
		{343CF11C-0171-4ED3-BB38-5EBB191AE243}.DebugUnpackaged|ARM64.Build.0 = Debug|Any CPU
		{343CF11C-0171-4ED3-BB38-5EBB191AE243}.DebugUnpackaged|x64.ActiveCfg = Debug|Any CPU
		{343CF11C-0171-4ED3-BB38-5EBB191AE243}.DebugUnpackaged|x64.Build.0 = Debug|Any CPU
		{343CF11C-0171-4ED3-BB38-5EBB191AE243}.Release|Any CPU.ActiveCfg = Release|Any CPU
		{343CF11C-0171-4ED3-BB38-5EBB191AE243}.Release|Any CPU.Build.0 = Release|Any CPU
		{343CF11C-0171-4ED3-BB38-5EBB191AE243}.Release|ARM64.ActiveCfg = Release|Any CPU
		{343CF11C-0171-4ED3-BB38-5EBB191AE243}.Release|ARM64.Build.0 = Release|Any CPU
		{343CF11C-0171-4ED3-BB38-5EBB191AE243}.Release|x64.ActiveCfg = Release|Any CPU
		{343CF11C-0171-4ED3-BB38-5EBB191AE243}.Release|x64.Build.0 = Release|Any CPU
		{343CF11C-0171-4ED3-BB38-5EBB191AE243}.ReleaseUnpackaged|Any CPU.ActiveCfg = Release|Any CPU
		{343CF11C-0171-4ED3-BB38-5EBB191AE243}.ReleaseUnpackaged|Any CPU.Build.0 = Release|Any CPU
		{343CF11C-0171-4ED3-BB38-5EBB191AE243}.ReleaseUnpackaged|ARM64.ActiveCfg = Release|Any CPU
		{343CF11C-0171-4ED3-BB38-5EBB191AE243}.ReleaseUnpackaged|ARM64.Build.0 = Release|Any CPU
		{343CF11C-0171-4ED3-BB38-5EBB191AE243}.ReleaseUnpackaged|x64.ActiveCfg = Release|Any CPU
		{343CF11C-0171-4ED3-BB38-5EBB191AE243}.ReleaseUnpackaged|x64.Build.0 = Release|Any CPU
		{D861F5B5-C3A4-412A-B74E-A2CFB6A9BC2D}.Debug|Any CPU.ActiveCfg = Debug|Any CPU
		{D861F5B5-C3A4-412A-B74E-A2CFB6A9BC2D}.Debug|Any CPU.Build.0 = Debug|Any CPU
		{D861F5B5-C3A4-412A-B74E-A2CFB6A9BC2D}.Debug|ARM64.ActiveCfg = Debug|Any CPU
		{D861F5B5-C3A4-412A-B74E-A2CFB6A9BC2D}.Debug|ARM64.Build.0 = Debug|Any CPU
		{D861F5B5-C3A4-412A-B74E-A2CFB6A9BC2D}.Debug|x64.ActiveCfg = Debug|Any CPU
		{D861F5B5-C3A4-412A-B74E-A2CFB6A9BC2D}.Debug|x64.Build.0 = Debug|Any CPU
		{D861F5B5-C3A4-412A-B74E-A2CFB6A9BC2D}.DebugUnpackaged|Any CPU.ActiveCfg = Debug|Any CPU
		{D861F5B5-C3A4-412A-B74E-A2CFB6A9BC2D}.DebugUnpackaged|Any CPU.Build.0 = Debug|Any CPU
		{D861F5B5-C3A4-412A-B74E-A2CFB6A9BC2D}.DebugUnpackaged|ARM64.ActiveCfg = Debug|Any CPU
		{D861F5B5-C3A4-412A-B74E-A2CFB6A9BC2D}.DebugUnpackaged|ARM64.Build.0 = Debug|Any CPU
		{D861F5B5-C3A4-412A-B74E-A2CFB6A9BC2D}.DebugUnpackaged|x64.ActiveCfg = Debug|Any CPU
		{D861F5B5-C3A4-412A-B74E-A2CFB6A9BC2D}.DebugUnpackaged|x64.Build.0 = Debug|Any CPU
		{D861F5B5-C3A4-412A-B74E-A2CFB6A9BC2D}.Release|Any CPU.ActiveCfg = Release|Any CPU
		{D861F5B5-C3A4-412A-B74E-A2CFB6A9BC2D}.Release|Any CPU.Build.0 = Release|Any CPU
		{D861F5B5-C3A4-412A-B74E-A2CFB6A9BC2D}.Release|ARM64.ActiveCfg = Release|Any CPU
		{D861F5B5-C3A4-412A-B74E-A2CFB6A9BC2D}.Release|ARM64.Build.0 = Release|Any CPU
		{D861F5B5-C3A4-412A-B74E-A2CFB6A9BC2D}.Release|x64.ActiveCfg = Release|Any CPU
		{D861F5B5-C3A4-412A-B74E-A2CFB6A9BC2D}.Release|x64.Build.0 = Release|Any CPU
		{D861F5B5-C3A4-412A-B74E-A2CFB6A9BC2D}.ReleaseUnpackaged|Any CPU.ActiveCfg = Release|Any CPU
		{D861F5B5-C3A4-412A-B74E-A2CFB6A9BC2D}.ReleaseUnpackaged|Any CPU.Build.0 = Release|Any CPU
		{D861F5B5-C3A4-412A-B74E-A2CFB6A9BC2D}.ReleaseUnpackaged|ARM64.ActiveCfg = Release|Any CPU
		{D861F5B5-C3A4-412A-B74E-A2CFB6A9BC2D}.ReleaseUnpackaged|ARM64.Build.0 = Release|Any CPU
		{D861F5B5-C3A4-412A-B74E-A2CFB6A9BC2D}.ReleaseUnpackaged|x64.ActiveCfg = Release|Any CPU
		{D861F5B5-C3A4-412A-B74E-A2CFB6A9BC2D}.ReleaseUnpackaged|x64.Build.0 = Release|Any CPU
		{3DB2977C-117F-4F85-8480-5739C951EBB5}.Debug|Any CPU.ActiveCfg = Debug|Any CPU
		{3DB2977C-117F-4F85-8480-5739C951EBB5}.Debug|Any CPU.Build.0 = Debug|Any CPU
		{3DB2977C-117F-4F85-8480-5739C951EBB5}.Debug|ARM64.ActiveCfg = Debug|Any CPU
		{3DB2977C-117F-4F85-8480-5739C951EBB5}.Debug|ARM64.Build.0 = Debug|Any CPU
		{3DB2977C-117F-4F85-8480-5739C951EBB5}.Debug|x64.ActiveCfg = Debug|Any CPU
		{3DB2977C-117F-4F85-8480-5739C951EBB5}.Debug|x64.Build.0 = Debug|Any CPU
		{3DB2977C-117F-4F85-8480-5739C951EBB5}.DebugUnpackaged|Any CPU.ActiveCfg = Debug|Any CPU
		{3DB2977C-117F-4F85-8480-5739C951EBB5}.DebugUnpackaged|Any CPU.Build.0 = Debug|Any CPU
		{3DB2977C-117F-4F85-8480-5739C951EBB5}.DebugUnpackaged|ARM64.ActiveCfg = Debug|Any CPU
		{3DB2977C-117F-4F85-8480-5739C951EBB5}.DebugUnpackaged|ARM64.Build.0 = Debug|Any CPU
		{3DB2977C-117F-4F85-8480-5739C951EBB5}.DebugUnpackaged|x64.ActiveCfg = Debug|Any CPU
		{3DB2977C-117F-4F85-8480-5739C951EBB5}.DebugUnpackaged|x64.Build.0 = Debug|Any CPU
		{3DB2977C-117F-4F85-8480-5739C951EBB5}.Release|Any CPU.ActiveCfg = Release|Any CPU
		{3DB2977C-117F-4F85-8480-5739C951EBB5}.Release|Any CPU.Build.0 = Release|Any CPU
		{3DB2977C-117F-4F85-8480-5739C951EBB5}.Release|ARM64.ActiveCfg = Release|Any CPU
		{3DB2977C-117F-4F85-8480-5739C951EBB5}.Release|ARM64.Build.0 = Release|Any CPU
		{3DB2977C-117F-4F85-8480-5739C951EBB5}.Release|x64.ActiveCfg = Release|Any CPU
		{3DB2977C-117F-4F85-8480-5739C951EBB5}.Release|x64.Build.0 = Release|Any CPU
		{3DB2977C-117F-4F85-8480-5739C951EBB5}.ReleaseUnpackaged|Any CPU.ActiveCfg = Release|Any CPU
		{3DB2977C-117F-4F85-8480-5739C951EBB5}.ReleaseUnpackaged|Any CPU.Build.0 = Release|Any CPU
		{3DB2977C-117F-4F85-8480-5739C951EBB5}.ReleaseUnpackaged|ARM64.ActiveCfg = Release|Any CPU
		{3DB2977C-117F-4F85-8480-5739C951EBB5}.ReleaseUnpackaged|ARM64.Build.0 = Release|Any CPU
		{3DB2977C-117F-4F85-8480-5739C951EBB5}.ReleaseUnpackaged|x64.ActiveCfg = Release|Any CPU
		{3DB2977C-117F-4F85-8480-5739C951EBB5}.ReleaseUnpackaged|x64.Build.0 = Release|Any CPU
	EndGlobalSection
	GlobalSection(SolutionProperties) = preSolution
		HideSolutionNode = FALSE
	EndGlobalSection
	GlobalSection(NestedProjects) = preSolution
		{95663AE6-4ABF-4868-BC10-AE6C5FBEDB20} = {827E0CD3-B72D-47B6-A68D-7590B98EB39B}
		{343CF11C-0171-4ED3-BB38-5EBB191AE243} = {827E0CD3-B72D-47B6-A68D-7590B98EB39B}
		{D861F5B5-C3A4-412A-B74E-A2CFB6A9BC2D} = {D82C56D6-B2CD-F611-9E31-04638F7EC30E}
		{3DB2977C-117F-4F85-8480-5739C951EBB5} = {02EA681E-C7D8-13C7-8484-4AC65E1B71E8}
	EndGlobalSection
	GlobalSection(ExtensibilityGlobals) = postSolution
		SolutionGuid = {695A1E5B-D010-4D3A-B2F9-97DEFE17B72E}
	EndGlobalSection
EndGlobal
